
Microsoft Visual Studio Solution File, Format Version 12.00
# Visual Studio 15
VisualStudioVersion = 15.0.26124.0
MinimumVisualStudioVersion = 15.0.26124.0
Project("{FAE04EC0-301F-11D3-BF4B-00C04F79EFBC}") = "Collab", "Collab\Collab.csproj", "{F1054F13-13BD-4F37-BA90-8B8BDD18E91D}"
EndProject
Project("{FAE04EC0-301F-11D3-BF4B-00C04F79EFBC}") = "Collab.Tests", "Collab.Tests\Collab.Tests.csproj", "{4069786C-AEB5-4E0A-9911-724C75A102AA}"
EndProject
Global
	GlobalSection(SolutionConfigurationPlatforms) = preSolution
		Debug|Any CPU = Debug|Any CPU
		Debug|x64 = Debug|x64
		Debug|x86 = Debug|x86
		Release|Any CPU = Release|Any CPU
		Release|x64 = Release|x64
		Release|x86 = Release|x86
	EndGlobalSection
	GlobalSection(SolutionProperties) = preSolution
		HideSolutionNode = FALSE
	EndGlobalSection
	GlobalSection(ProjectConfigurationPlatforms) = postSolution
		{F1054F13-13BD-4F37-BA90-8B8BDD18E91D}.Debug|Any CPU.ActiveCfg = Debug|Any CPU
		{F1054F13-13BD-4F37-BA90-8B8BDD18E91D}.Debug|Any CPU.Build.0 = Debug|Any CPU
		{F1054F13-13BD-4F37-BA90-8B8BDD18E91D}.Debug|x64.ActiveCfg = Debug|x64
		{F1054F13-13BD-4F37-BA90-8B8BDD18E91D}.Debug|x64.Build.0 = Debug|x64
		{F1054F13-13BD-4F37-BA90-8B8BDD18E91D}.Debug|x86.ActiveCfg = Debug|x86
		{F1054F13-13BD-4F37-BA90-8B8BDD18E91D}.Debug|x86.Build.0 = Debug|x86
		{F1054F13-13BD-4F37-BA90-8B8BDD18E91D}.Release|Any CPU.ActiveCfg = Release|Any CPU
		{F1054F13-13BD-4F37-BA90-8B8BDD18E91D}.Release|Any CPU.Build.0 = Release|Any CPU
		{F1054F13-13BD-4F37-BA90-8B8BDD18E91D}.Release|x64.ActiveCfg = Release|x64
		{F1054F13-13BD-4F37-BA90-8B8BDD18E91D}.Release|x64.Build.0 = Release|x64
		{F1054F13-13BD-4F37-BA90-8B8BDD18E91D}.Release|x86.ActiveCfg = Release|x86
		{F1054F13-13BD-4F37-BA90-8B8BDD18E91D}.Release|x86.Build.0 = Release|x86
		{4069786C-AEB5-4E0A-9911-724C75A102AA}.Debug|Any CPU.ActiveCfg = Debug|Any CPU
		{4069786C-AEB5-4E0A-9911-724C75A102AA}.Debug|Any CPU.Build.0 = Debug|Any CPU
		{4069786C-AEB5-4E0A-9911-724C75A102AA}.Debug|x64.ActiveCfg = Debug|x64
		{4069786C-AEB5-4E0A-9911-724C75A102AA}.Debug|x64.Build.0 = Debug|x64
		{4069786C-AEB5-4E0A-9911-724C75A102AA}.Debug|x86.ActiveCfg = Debug|x86
		{4069786C-AEB5-4E0A-9911-724C75A102AA}.Debug|x86.Build.0 = Debug|x86
		{4069786C-AEB5-4E0A-9911-724C75A102AA}.Release|Any CPU.ActiveCfg = Release|Any CPU
		{4069786C-AEB5-4E0A-9911-724C75A102AA}.Release|Any CPU.Build.0 = Release|Any CPU
		{4069786C-AEB5-4E0A-9911-724C75A102AA}.Release|x64.ActiveCfg = Release|x64
		{4069786C-AEB5-4E0A-9911-724C75A102AA}.Release|x64.Build.0 = Release|x64
		{4069786C-AEB5-4E0A-9911-724C75A102AA}.Release|x86.ActiveCfg = Release|x86
		{4069786C-AEB5-4E0A-9911-724C75A102AA}.Release|x86.Build.0 = Release|x86
	EndGlobalSection
EndGlobal
